// !$*UTF8*$!
{
	archiveVersion = 1;
	classes = {
	};
	objectVersion = 46;
	objects = {

/* Begin PBXBuildFile section */
		38822272B4FF7B418B5F4375 /* Pods_CoolWeatherApp.framework in Frameworks */ = {isa = PBXBuildFile; fileRef = 738DFDD6396A4D1E84F31E95 /* Pods_CoolWeatherApp.framework */; };
		9A2B23D3FAE7A2A762FDDD63 /* Pods_CoolWeatherAppTests.framework in Frameworks */ = {isa = PBXBuildFile; fileRef = 30B7F4D9997180862BD18869 /* Pods_CoolWeatherAppTests.framework */; };
		CE5BE9EF1D5D0B8F00DDAB4F /* AppDelegate.swift in Sources */ = {isa = PBXBuildFile; fileRef = CE5BE9EE1D5D0B8F00DDAB4F /* AppDelegate.swift */; };
		CE5BE9F41D5D0B8F00DDAB4F /* Main.storyboard in Resources */ = {isa = PBXBuildFile; fileRef = CE5BE9F21D5D0B8F00DDAB4F /* Main.storyboard */; };
		CE5BE9F61D5D0B8F00DDAB4F /* Assets.xcassets in Resources */ = {isa = PBXBuildFile; fileRef = CE5BE9F51D5D0B8F00DDAB4F /* Assets.xcassets */; };
		CE5BE9F91D5D0B8F00DDAB4F /* LaunchScreen.storyboard in Resources */ = {isa = PBXBuildFile; fileRef = CE5BE9F71D5D0B8F00DDAB4F /* LaunchScreen.storyboard */; };
		CE5BEA041D5D0B8F00DDAB4F /* CoolWeatherAppTests.swift in Sources */ = {isa = PBXBuildFile; fileRef = CE5BEA031D5D0B8F00DDAB4F /* CoolWeatherAppTests.swift */; };
		CE5BEA0F1D5D0B8F00DDAB4F /* CoolWeatherAppUITests.swift in Sources */ = {isa = PBXBuildFile; fileRef = CE5BEA0E1D5D0B8F00DDAB4F /* CoolWeatherAppUITests.swift */; };
		CEBEB60F1D5D0C5900B1FF28 /* WeatherVC.swift in Sources */ = {isa = PBXBuildFile; fileRef = CEBEB60C1D5D0C5900B1FF28 /* WeatherVC.swift */; };
		CEBEB6101D5D0C5900B1FF28 /* Constants.swift in Sources */ = {isa = PBXBuildFile; fileRef = CEBEB60D1D5D0C5900B1FF28 /* Constants.swift */; };
		CEBEB6111D5D0C5900B1FF28 /* CurrentWeather.swift in Sources */ = {isa = PBXBuildFile; fileRef = CEBEB60E1D5D0C5900B1FF28 /* CurrentWeather.swift */; };
		CEC366151D5FA44100878259 /* Forecast.swift in Sources */ = {isa = PBXBuildFile; fileRef = CEC366141D5FA44100878259 /* Forecast.swift */; };
		CEC366171D5FB5F800878259 /* WeatherCell.swift in Sources */ = {isa = PBXBuildFile; fileRef = CEC366161D5FB5F800878259 /* WeatherCell.swift */; };
		CEC366191D5FC49D00878259 /* Location.swift in Sources */ = {isa = PBXBuildFile; fileRef = CEC366181D5FC49D00878259 /* Location.swift */; };
		D78805908EC98813E38AA7E5 /* Pods_CoolWeatherAppUITests.framework in Frameworks */ = {isa = PBXBuildFile; fileRef = 280941820FB4F4989D6D379F /* Pods_CoolWeatherAppUITests.framework */; };
/* End PBXBuildFile section */

/* Begin PBXContainerItemProxy section */
		CE5BEA001D5D0B8F00DDAB4F /* PBXContainerItemProxy */ = {
			isa = PBXContainerItemProxy;
			containerPortal = CE5BE9E31D5D0B8F00DDAB4F /* Project object */;
			proxyType = 1;
			remoteGlobalIDString = CE5BE9EA1D5D0B8F00DDAB4F;
			remoteInfo = CoolWeatherApp;
		};
		CE5BEA0B1D5D0B8F00DDAB4F /* PBXContainerItemProxy */ = {
			isa = PBXContainerItemProxy;
			containerPortal = CE5BE9E31D5D0B8F00DDAB4F /* Project object */;
			proxyType = 1;
			remoteGlobalIDString = CE5BE9EA1D5D0B8F00DDAB4F;
			remoteInfo = CoolWeatherApp;
		};
/* End PBXContainerItemProxy section */

/* Begin PBXFileReference section */
		21A4A5EBC93BD67465BAF3BC /* Pods-CoolWeatherAppUITests.release.xcconfig */ = {isa = PBXFileReference; includeInIndex = 1; lastKnownFileType = text.xcconfig; name = "Pods-CoolWeatherAppUITests.release.xcconfig"; path = "Pods/Target Support Files/Pods-CoolWeatherAppUITests/Pods-CoolWeatherAppUITests.release.xcconfig"; sourceTree = "<group>"; };
		280941820FB4F4989D6D379F /* Pods_CoolWeatherAppUITests.framework */ = {isa = PBXFileReference; explicitFileType = wrapper.framework; includeInIndex = 0; path = Pods_CoolWeatherAppUITests.framework; sourceTree = BUILT_PRODUCTS_DIR; };
		30B7F4D9997180862BD18869 /* Pods_CoolWeatherAppTests.framework */ = {isa = PBXFileReference; explicitFileType = wrapper.framework; includeInIndex = 0; path = Pods_CoolWeatherAppTests.framework; sourceTree = BUILT_PRODUCTS_DIR; };
		630DC22186F4F056C7061B32 /* Pods-CoolWeatherApp.release.xcconfig */ = {isa = PBXFileReference; includeInIndex = 1; lastKnownFileType = text.xcconfig; name = "Pods-CoolWeatherApp.release.xcconfig"; path = "Pods/Target Support Files/Pods-CoolWeatherApp/Pods-CoolWeatherApp.release.xcconfig"; sourceTree = "<group>"; };
		738DFDD6396A4D1E84F31E95 /* Pods_CoolWeatherApp.framework */ = {isa = PBXFileReference; explicitFileType = wrapper.framework; includeInIndex = 0; path = Pods_CoolWeatherApp.framework; sourceTree = BUILT_PRODUCTS_DIR; };
		81F4916DE6C6360DF0E02B1D /* Pods-CoolWeatherAppTests.debug.xcconfig */ = {isa = PBXFileReference; includeInIndex = 1; lastKnownFileType = text.xcconfig; name = "Pods-CoolWeatherAppTests.debug.xcconfig"; path = "Pods/Target Support Files/Pods-CoolWeatherAppTests/Pods-CoolWeatherAppTests.debug.xcconfig"; sourceTree = "<group>"; };
		AD11BEFE1D4F649F66E32461 /* Pods-CoolWeatherAppUITests.debug.xcconfig */ = {isa = PBXFileReference; includeInIndex = 1; lastKnownFileType = text.xcconfig; name = "Pods-CoolWeatherAppUITests.debug.xcconfig"; path = "Pods/Target Support Files/Pods-CoolWeatherAppUITests/Pods-CoolWeatherAppUITests.debug.xcconfig"; sourceTree = "<group>"; };
		B99FCF6A90EF619BBA03D685 /* Pods-CoolWeatherApp.debug.xcconfig */ = {isa = PBXFileReference; includeInIndex = 1; lastKnownFileType = text.xcconfig; name = "Pods-CoolWeatherApp.debug.xcconfig"; path = "Pods/Target Support Files/Pods-CoolWeatherApp/Pods-CoolWeatherApp.debug.xcconfig"; sourceTree = "<group>"; };
		CE5BE9EB1D5D0B8F00DDAB4F /* CoolWeatherApp.app */ = {isa = PBXFileReference; explicitFileType = wrapper.application; includeInIndex = 0; path = CoolWeatherApp.app; sourceTree = BUILT_PRODUCTS_DIR; };
		CE5BE9EE1D5D0B8F00DDAB4F /* AppDelegate.swift */ = {isa = PBXFileReference; lastKnownFileType = sourcecode.swift; path = AppDelegate.swift; sourceTree = "<group>"; };
		CE5BE9F31D5D0B8F00DDAB4F /* Base */ = {isa = PBXFileReference; lastKnownFileType = file.storyboard; name = Base; path = Base.lproj/Main.storyboard; sourceTree = "<group>"; };
		CE5BE9F51D5D0B8F00DDAB4F /* Assets.xcassets */ = {isa = PBXFileReference; lastKnownFileType = folder.assetcatalog; path = Assets.xcassets; sourceTree = "<group>"; };
		CE5BE9F81D5D0B8F00DDAB4F /* Base */ = {isa = PBXFileReference; lastKnownFileType = file.storyboard; name = Base; path = Base.lproj/LaunchScreen.storyboard; sourceTree = "<group>"; };
		CE5BE9FA1D5D0B8F00DDAB4F /* Info.plist */ = {isa = PBXFileReference; lastKnownFileType = text.plist.xml; path = Info.plist; sourceTree = "<group>"; };
		CE5BE9FF1D5D0B8F00DDAB4F /* CoolWeatherAppTests.xctest */ = {isa = PBXFileReference; explicitFileType = wrapper.cfbundle; includeInIndex = 0; path = CoolWeatherAppTests.xctest; sourceTree = BUILT_PRODUCTS_DIR; };
		CE5BEA031D5D0B8F00DDAB4F /* CoolWeatherAppTests.swift */ = {isa = PBXFileReference; lastKnownFileType = sourcecode.swift; path = CoolWeatherAppTests.swift; sourceTree = "<group>"; };
		CE5BEA051D5D0B8F00DDAB4F /* Info.plist */ = {isa = PBXFileReference; lastKnownFileType = text.plist.xml; path = Info.plist; sourceTree = "<group>"; };
		CE5BEA0A1D5D0B8F00DDAB4F /* CoolWeatherAppUITests.xctest */ = {isa = PBXFileReference; explicitFileType = wrapper.cfbundle; includeInIndex = 0; path = CoolWeatherAppUITests.xctest; sourceTree = BUILT_PRODUCTS_DIR; };
		CE5BEA0E1D5D0B8F00DDAB4F /* CoolWeatherAppUITests.swift */ = {isa = PBXFileReference; lastKnownFileType = sourcecode.swift; path = CoolWeatherAppUITests.swift; sourceTree = "<group>"; };
		CE5BEA101D5D0B8F00DDAB4F /* Info.plist */ = {isa = PBXFileReference; lastKnownFileType = text.plist.xml; path = Info.plist; sourceTree = "<group>"; };
		CEBEB60C1D5D0C5900B1FF28 /* WeatherVC.swift */ = {isa = PBXFileReference; fileEncoding = 4; lastKnownFileType = sourcecode.swift; path = WeatherVC.swift; sourceTree = "<group>"; };
		CEBEB60D1D5D0C5900B1FF28 /* Constants.swift */ = {isa = PBXFileReference; fileEncoding = 4; lastKnownFileType = sourcecode.swift; path = Constants.swift; sourceTree = "<group>"; };
		CEBEB60E1D5D0C5900B1FF28 /* CurrentWeather.swift */ = {isa = PBXFileReference; fileEncoding = 4; lastKnownFileType = sourcecode.swift; path = CurrentWeather.swift; sourceTree = "<group>"; };
		CEC366141D5FA44100878259 /* Forecast.swift */ = {isa = PBXFileReference; fileEncoding = 4; lastKnownFileType = sourcecode.swift; path = Forecast.swift; sourceTree = "<group>"; };
		CEC366161D5FB5F800878259 /* WeatherCell.swift */ = {isa = PBXFileReference; fileEncoding = 4; lastKnownFileType = sourcecode.swift; path = WeatherCell.swift; sourceTree = "<group>"; };
		CEC366181D5FC49D00878259 /* Location.swift */ = {isa = PBXFileReference; fileEncoding = 4; lastKnownFileType = sourcecode.swift; path = Location.swift; sourceTree = "<group>"; };
		D03D629433A0F10F3A457AF9 /* Pods-CoolWeatherAppTests.release.xcconfig */ = {isa = PBXFileReference; includeInIndex = 1; lastKnownFileType = text.xcconfig; name = "Pods-CoolWeatherAppTests.release.xcconfig"; path = "Pods/Target Support Files/Pods-CoolWeatherAppTests/Pods-CoolWeatherAppTests.release.xcconfig"; sourceTree = "<group>"; };
/* End PBXFileReference section */

/* Begin PBXFrameworksBuildPhase section */
		CE5BE9E81D5D0B8F00DDAB4F /* Frameworks */ = {
			isa = PBXFrameworksBuildPhase;
			buildActionMask = 2147483647;
			files = (
				38822272B4FF7B418B5F4375 /* Pods_CoolWeatherApp.framework in Frameworks */,
			);
			runOnlyForDeploymentPostprocessing = 0;
		};
		CE5BE9FC1D5D0B8F00DDAB4F /* Frameworks */ = {
			isa = PBXFrameworksBuildPhase;
			buildActionMask = 2147483647;
			files = (
				9A2B23D3FAE7A2A762FDDD63 /* Pods_CoolWeatherAppTests.framework in Frameworks */,
			);
			runOnlyForDeploymentPostprocessing = 0;
		};
		CE5BEA071D5D0B8F00DDAB4F /* Frameworks */ = {
			isa = PBXFrameworksBuildPhase;
			buildActionMask = 2147483647;
			files = (
				D78805908EC98813E38AA7E5 /* Pods_CoolWeatherAppUITests.framework in Frameworks */,
			);
			runOnlyForDeploymentPostprocessing = 0;
		};
/* End PBXFrameworksBuildPhase section */

/* Begin PBXGroup section */
		B357C5970CF16E03A1927CC1 /* Pods */ = {
			isa = PBXGroup;
			children = (
				B99FCF6A90EF619BBA03D685 /* Pods-CoolWeatherApp.debug.xcconfig */,
				630DC22186F4F056C7061B32 /* Pods-CoolWeatherApp.release.xcconfig */,
				81F4916DE6C6360DF0E02B1D /* Pods-CoolWeatherAppTests.debug.xcconfig */,
				D03D629433A0F10F3A457AF9 /* Pods-CoolWeatherAppTests.release.xcconfig */,
				AD11BEFE1D4F649F66E32461 /* Pods-CoolWeatherAppUITests.debug.xcconfig */,
				21A4A5EBC93BD67465BAF3BC /* Pods-CoolWeatherAppUITests.release.xcconfig */,
			);
			name = Pods;
			sourceTree = "<group>";
		};
		BCB7C47E15BBEDDF381F7E89 /* Frameworks */ = {
			isa = PBXGroup;
			children = (
				738DFDD6396A4D1E84F31E95 /* Pods_CoolWeatherApp.framework */,
				30B7F4D9997180862BD18869 /* Pods_CoolWeatherAppTests.framework */,
				280941820FB4F4989D6D379F /* Pods_CoolWeatherAppUITests.framework */,
			);
			name = Frameworks;
			sourceTree = "<group>";
		};
		CE5BE9E21D5D0B8F00DDAB4F = {
			isa = PBXGroup;
			children = (
				CE5BE9ED1D5D0B8F00DDAB4F /* CoolWeatherApp */,
				CE5BEA021D5D0B8F00DDAB4F /* CoolWeatherAppTests */,
				CE5BEA0D1D5D0B8F00DDAB4F /* CoolWeatherAppUITests */,
				CE5BE9EC1D5D0B8F00DDAB4F /* Products */,
				B357C5970CF16E03A1927CC1 /* Pods */,
				BCB7C47E15BBEDDF381F7E89 /* Frameworks */,
			);
			sourceTree = "<group>";
		};
		CE5BE9EC1D5D0B8F00DDAB4F /* Products */ = {
			isa = PBXGroup;
			children = (
				CE5BE9EB1D5D0B8F00DDAB4F /* CoolWeatherApp.app */,
				CE5BE9FF1D5D0B8F00DDAB4F /* CoolWeatherAppTests.xctest */,
				CE5BEA0A1D5D0B8F00DDAB4F /* CoolWeatherAppUITests.xctest */,
			);
			name = Products;
			sourceTree = "<group>";
		};
		CE5BE9ED1D5D0B8F00DDAB4F /* CoolWeatherApp */ = {
			isa = PBXGroup;
			children = (
				CE5BE9EE1D5D0B8F00DDAB4F /* AppDelegate.swift */,
				CEBEB60C1D5D0C5900B1FF28 /* WeatherVC.swift */,
				CEBEB60D1D5D0C5900B1FF28 /* Constants.swift */,
				CEBEB60E1D5D0C5900B1FF28 /* CurrentWeather.swift */,
				CE5BE9F21D5D0B8F00DDAB4F /* Main.storyboard */,
				CE5BE9F51D5D0B8F00DDAB4F /* Assets.xcassets */,
				CE5BE9F71D5D0B8F00DDAB4F /* LaunchScreen.storyboard */,
				CE5BE9FA1D5D0B8F00DDAB4F /* Info.plist */,
				CEC366141D5FA44100878259 /* Forecast.swift */,
				CEC366161D5FB5F800878259 /* WeatherCell.swift */,
				CEC366181D5FC49D00878259 /* Location.swift */,
			);
			path = CoolWeatherApp;
			sourceTree = "<group>";
		};
		CE5BEA021D5D0B8F00DDAB4F /* CoolWeatherAppTests */ = {
			isa = PBXGroup;
			children = (
				CE5BEA031D5D0B8F00DDAB4F /* CoolWeatherAppTests.swift */,
				CE5BEA051D5D0B8F00DDAB4F /* Info.plist */,
			);
			path = CoolWeatherAppTests;
			sourceTree = "<group>";
		};
		CE5BEA0D1D5D0B8F00DDAB4F /* CoolWeatherAppUITests */ = {
			isa = PBXGroup;
			children = (
				CE5BEA0E1D5D0B8F00DDAB4F /* CoolWeatherAppUITests.swift */,
				CE5BEA101D5D0B8F00DDAB4F /* Info.plist */,
			);
			path = CoolWeatherAppUITests;
			sourceTree = "<group>";
		};
/* End PBXGroup section */

/* Begin PBXNativeTarget section */
		CE5BE9EA1D5D0B8F00DDAB4F /* CoolWeatherApp */ = {
			isa = PBXNativeTarget;
			buildConfigurationList = CE5BEA131D5D0B8F00DDAB4F /* Build configuration list for PBXNativeTarget "CoolWeatherApp" */;
			buildPhases = (
				97BBACA5D384D44A648E444D /* [CP] Check Pods Manifest.lock */,
				CE5BE9E71D5D0B8F00DDAB4F /* Sources */,
				CE5BE9E81D5D0B8F00DDAB4F /* Frameworks */,
				CE5BE9E91D5D0B8F00DDAB4F /* Resources */,
				F520305A172549EE61D4430C /* [CP] Embed Pods Frameworks */,
				1D68DB890813F3CB3B2A95F7 /* [CP] Copy Pods Resources */,
			);
			buildRules = (
			);
			dependencies = (
			);
			name = CoolWeatherApp;
			productName = CoolWeatherApp;
			productReference = CE5BE9EB1D5D0B8F00DDAB4F /* CoolWeatherApp.app */;
			productType = "com.apple.product-type.application";
		};
		CE5BE9FE1D5D0B8F00DDAB4F /* CoolWeatherAppTests */ = {
			isa = PBXNativeTarget;
			buildConfigurationList = CE5BEA161D5D0B8F00DDAB4F /* Build configuration list for PBXNativeTarget "CoolWeatherAppTests" */;
			buildPhases = (
				883A29325132801D2786DF22 /* [CP] Check Pods Manifest.lock */,
				CE5BE9FB1D5D0B8F00DDAB4F /* Sources */,
				CE5BE9FC1D5D0B8F00DDAB4F /* Frameworks */,
				CE5BE9FD1D5D0B8F00DDAB4F /* Resources */,
				EF6A436A4DA0F328C3579213 /* [CP] Embed Pods Frameworks */,
				5D0317510F803F476C66FA61 /* [CP] Copy Pods Resources */,
			);
			buildRules = (
			);
			dependencies = (
				CE5BEA011D5D0B8F00DDAB4F /* PBXTargetDependency */,
			);
			name = CoolWeatherAppTests;
			productName = CoolWeatherAppTests;
			productReference = CE5BE9FF1D5D0B8F00DDAB4F /* CoolWeatherAppTests.xctest */;
			productType = "com.apple.product-type.bundle.unit-test";
		};
		CE5BEA091D5D0B8F00DDAB4F /* CoolWeatherAppUITests */ = {
			isa = PBXNativeTarget;
			buildConfigurationList = CE5BEA191D5D0B8F00DDAB4F /* Build configuration list for PBXNativeTarget "CoolWeatherAppUITests" */;
			buildPhases = (
				375786FC172173184C4A4A75 /* [CP] Check Pods Manifest.lock */,
				CE5BEA061D5D0B8F00DDAB4F /* Sources */,
				CE5BEA071D5D0B8F00DDAB4F /* Frameworks */,
				CE5BEA081D5D0B8F00DDAB4F /* Resources */,
				339F8F18FECF3EA37684CBCF /* [CP] Copy Pods Resources */,
				F628141853DF99832F637B33 /* [CP] Embed Pods Frameworks */,
			);
			buildRules = (
			);
			dependencies = (
				CE5BEA0C1D5D0B8F00DDAB4F /* PBXTargetDependency */,
			);
			name = CoolWeatherAppUITests;
			productName = CoolWeatherAppUITests;
			productReference = CE5BEA0A1D5D0B8F00DDAB4F /* CoolWeatherAppUITests.xctest */;
			productType = "com.apple.product-type.bundle.ui-testing";
		};
/* End PBXNativeTarget section */

/* Begin PBXProject section */
		CE5BE9E31D5D0B8F00DDAB4F /* Project object */ = {
			isa = PBXProject;
			attributes = {
				LastSwiftUpdateCheck = 0800;
				LastUpgradeCheck = 0800;
				ORGANIZATIONNAME = "Vignesh Kumar";
				TargetAttributes = {
					CE5BE9EA1D5D0B8F00DDAB4F = {
						CreatedOnToolsVersion = 8.0;
						ProvisioningStyle = Automatic;
					};
					CE5BE9FE1D5D0B8F00DDAB4F = {
						CreatedOnToolsVersion = 8.0;
						ProvisioningStyle = Automatic;
						TestTargetID = CE5BE9EA1D5D0B8F00DDAB4F;
					};
					CE5BEA091D5D0B8F00DDAB4F = {
						CreatedOnToolsVersion = 8.0;
						ProvisioningStyle = Automatic;
						TestTargetID = CE5BE9EA1D5D0B8F00DDAB4F;
					};
				};
			};
			buildConfigurationList = CE5BE9E61D5D0B8F00DDAB4F /* Build configuration list for PBXProject "CoolWeatherApp" */;
			compatibilityVersion = "Xcode 3.2";
			developmentRegion = English;
			hasScannedForEncodings = 0;
			knownRegions = (
				en,
				Base,
			);
			mainGroup = CE5BE9E21D5D0B8F00DDAB4F;
			productRefGroup = CE5BE9EC1D5D0B8F00DDAB4F /* Products */;
			projectDirPath = "";
			projectRoot = "";
			targets = (
				CE5BE9EA1D5D0B8F00DDAB4F /* CoolWeatherApp */,
				CE5BE9FE1D5D0B8F00DDAB4F /* CoolWeatherAppTests */,
				CE5BEA091D5D0B8F00DDAB4F /* CoolWeatherAppUITests */,
			);
		};
/* End PBXProject section */

/* Begin PBXResourcesBuildPhase section */
		CE5BE9E91D5D0B8F00DDAB4F /* Resources */ = {
			isa = PBXResourcesBuildPhase;
			buildActionMask = 2147483647;
			files = (
				CE5BE9F91D5D0B8F00DDAB4F /* LaunchScreen.storyboard in Resources */,
				CE5BE9F61D5D0B8F00DDAB4F /* Assets.xcassets in Resources */,
				CE5BE9F41D5D0B8F00DDAB4F /* Main.storyboard in Resources */,
			);
			runOnlyForDeploymentPostprocessing = 0;
		};
		CE5BE9FD1D5D0B8F00DDAB4F /* Resources */ = {
			isa = PBXResourcesBuildPhase;
			buildActionMask = 2147483647;
			files = (
			);
			runOnlyForDeploymentPostprocessing = 0;
		};
		CE5BEA081D5D0B8F00DDAB4F /* Resources */ = {
			isa = PBXResourcesBuildPhase;
			buildActionMask = 2147483647;
			files = (
			);
			runOnlyForDeploymentPostprocessing = 0;
		};
/* End PBXResourcesBuildPhase section */

/* Begin PBXShellScriptBuildPhase section */
		1D68DB890813F3CB3B2A95F7 /* [CP] Copy Pods Resources */ = {
			isa = PBXShellScriptBuildPhase;
			buildActionMask = 2147483647;
			files = (
			);
			inputPaths = (
			);
			name = "[CP] Copy Pods Resources";
			outputPaths = (
			);
			runOnlyForDeploymentPostprocessing = 0;
			shellPath = /bin/sh;
			shellScript = "\"${SRCROOT}/Pods/Target Support Files/Pods-CoolWeatherApp/Pods-CoolWeatherApp-resources.sh\"\n";
			showEnvVarsInLog = 0;
		};
		339F8F18FECF3EA37684CBCF /* [CP] Copy Pods Resources */ = {
			isa = PBXShellScriptBuildPhase;
			buildActionMask = 2147483647;
			files = (
			);
			inputPaths = (
			);
			name = "[CP] Copy Pods Resources";
			outputPaths = (
			);
			runOnlyForDeploymentPostprocessing = 0;
			shellPath = /bin/sh;
			shellScript = "\"${SRCROOT}/Pods/Target Support Files/Pods-CoolWeatherAppUITests/Pods-CoolWeatherAppUITests-resources.sh\"\n";
			showEnvVarsInLog = 0;
		};
		375786FC172173184C4A4A75 /* [CP] Check Pods Manifest.lock */ = {
			isa = PBXShellScriptBuildPhase;
			buildActionMask = 2147483647;
			files = (
			);
			inputPaths = (
			);
			name = "[CP] Check Pods Manifest.lock";
			outputPaths = (
			);
			runOnlyForDeploymentPostprocessing = 0;
			shellPath = /bin/sh;
			shellScript = "diff \"${PODS_ROOT}/../Podfile.lock\" \"${PODS_ROOT}/Manifest.lock\" > /dev/null\nif [ $? != 0 ] ; then\n    # print error to STDERR\n    echo \"error: The sandbox is not in sync with the Podfile.lock. Run 'pod install' or update your CocoaPods installation.\" >&2\n    exit 1\nfi\n";
			showEnvVarsInLog = 0;
		};
		5D0317510F803F476C66FA61 /* [CP] Copy Pods Resources */ = {
			isa = PBXShellScriptBuildPhase;
			buildActionMask = 2147483647;
			files = (
			);
			inputPaths = (
			);
			name = "[CP] Copy Pods Resources";
			outputPaths = (
			);
			runOnlyForDeploymentPostprocessing = 0;
			shellPath = /bin/sh;
			shellScript = "\"${SRCROOT}/Pods/Target Support Files/Pods-CoolWeatherAppTests/Pods-CoolWeatherAppTests-resources.sh\"\n";
			showEnvVarsInLog = 0;
		};
		883A29325132801D2786DF22 /* [CP] Check Pods Manifest.lock */ = {
			isa = PBXShellScriptBuildPhase;
			buildActionMask = 2147483647;
			files = (
			);
			inputPaths = (
			);
			name = "[CP] Check Pods Manifest.lock";
			outputPaths = (
			);
			runOnlyForDeploymentPostprocessing = 0;
			shellPath = /bin/sh;
			shellScript = "diff \"${PODS_ROOT}/../Podfile.lock\" \"${PODS_ROOT}/Manifest.lock\" > /dev/null\nif [ $? != 0 ] ; then\n    # print error to STDERR\n    echo \"error: The sandbox is not in sync with the Podfile.lock. Run 'pod install' or update your CocoaPods installation.\" >&2\n    exit 1\nfi\n";
			showEnvVarsInLog = 0;
		};
		97BBACA5D384D44A648E444D /* [CP] Check Pods Manifest.lock */ = {
			isa = PBXShellScriptBuildPhase;
			buildActionMask = 2147483647;
			files = (
			);
			inputPaths = (
			);
			name = "[CP] Check Pods Manifest.lock";
			outputPaths = (
			);
			runOnlyForDeploymentPostprocessing = 0;
			shellPath = /bin/sh;
			shellScript = "diff \"${PODS_ROOT}/../Podfile.lock\" \"${PODS_ROOT}/Manifest.lock\" > /dev/null\nif [ $? != 0 ] ; then\n    # print error to STDERR\n    echo \"error: The sandbox is not in sync with the Podfile.lock. Run 'pod install' or update your CocoaPods installation.\" >&2\n    exit 1\nfi\n";
			showEnvVarsInLog = 0;
		};
		EF6A436A4DA0F328C3579213 /* [CP] Embed Pods Frameworks */ = {
			isa = PBXShellScriptBuildPhase;
			buildActionMask = 2147483647;
			files = (
			);
			inputPaths = (
			);
			name = "[CP] Embed Pods Frameworks";
			outputPaths = (
			);
			runOnlyForDeploymentPostprocessing = 0;
			shellPath = /bin/sh;
			shellScript = "\"${SRCROOT}/Pods/Target Support Files/Pods-CoolWeatherAppTests/Pods-CoolWeatherAppTests-frameworks.sh\"\n";
			showEnvVarsInLog = 0;
		};
		F520305A172549EE61D4430C /* [CP] Embed Pods Frameworks */ = {
			isa = PBXShellScriptBuildPhase;
			buildActionMask = 2147483647;
			files = (
			);
			inputPaths = (
			);
			name = "[CP] Embed Pods Frameworks";
			outputPaths = (
			);
			runOnlyForDeploymentPostprocessing = 0;
			shellPath = /bin/sh;
			shellScript = "\"${SRCROOT}/Pods/Target Support Files/Pods-CoolWeatherApp/Pods-CoolWeatherApp-frameworks.sh\"\n";
			showEnvVarsInLog = 0;
		};
		F628141853DF99832F637B33 /* [CP] Embed Pods Frameworks */ = {
			isa = PBXShellScriptBuildPhase;
			buildActionMask = 2147483647;
			files = (
			);
			inputPaths = (
			);
			name = "[CP] Embed Pods Frameworks";
			outputPaths = (
			);
			runOnlyForDeploymentPostprocessing = 0;
			shellPath = /bin/sh;
			shellScript = "\"${SRCROOT}/Pods/Target Support Files/Pods-CoolWeatherAppUITests/Pods-CoolWeatherAppUITests-frameworks.sh\"\n";
			showEnvVarsInLog = 0;
		};
/* End PBXShellScriptBuildPhase section */

/* Begin PBXSourcesBuildPhase section */
		CE5BE9E71D5D0B8F00DDAB4F /* Sources */ = {
			isa = PBXSourcesBuildPhase;
			buildActionMask = 2147483647;
			files = (
				CEBEB6111D5D0C5900B1FF28 /* CurrentWeather.swift in Sources */,
				CEBEB60F1D5D0C5900B1FF28 /* WeatherVC.swift in Sources */,
				CEC366171D5FB5F800878259 /* WeatherCell.swift in Sources */,
				CE5BE9EF1D5D0B8F00DDAB4F /* AppDelegate.swift in Sources */,
				CEBEB6101D5D0C5900B1FF28 /* Constants.swift in Sources */,
				CEC366151D5FA44100878259 /* Forecast.swift in Sources */,
				CEC366191D5FC49D00878259 /* Location.swift in Sources */,
			);
			runOnlyForDeploymentPostprocessing = 0;
		};
		CE5BE9FB1D5D0B8F00DDAB4F /* Sources */ = {
			isa = PBXSourcesBuildPhase;
			buildActionMask = 2147483647;
			files = (
				CE5BEA041D5D0B8F00DDAB4F /* CoolWeatherAppTests.swift in Sources */,
			);
			runOnlyForDeploymentPostprocessing = 0;
		};
		CE5BEA061D5D0B8F00DDAB4F /* Sources */ = {
			isa = PBXSourcesBuildPhase;
			buildActionMask = 2147483647;
			files = (
				CE5BEA0F1D5D0B8F00DDAB4F /* CoolWeatherAppUITests.swift in Sources */,
			);
			runOnlyForDeploymentPostprocessing = 0;
		};
/* End PBXSourcesBuildPhase section */

/* Begin PBXTargetDependency section */
		CE5BEA011D5D0B8F00DDAB4F /* PBXTargetDependency */ = {
			isa = PBXTargetDependency;
			target = CE5BE9EA1D5D0B8F00DDAB4F /* CoolWeatherApp */;
			targetProxy = CE5BEA001D5D0B8F00DDAB4F /* PBXContainerItemProxy */;
		};
		CE5BEA0C1D5D0B8F00DDAB4F /* PBXTargetDependency */ = {
			isa = PBXTargetDependency;
			target = CE5BE9EA1D5D0B8F00DDAB4F /* CoolWeatherApp */;
			targetProxy = CE5BEA0B1D5D0B8F00DDAB4F /* PBXContainerItemProxy */;
		};
/* End PBXTargetDependency section */

/* Begin PBXVariantGroup section */
		CE5BE9F21D5D0B8F00DDAB4F /* Main.storyboard */ = {
			isa = PBXVariantGroup;
			children = (
				CE5BE9F31D5D0B8F00DDAB4F /* Base */,
			);
			name = Main.storyboard;
			sourceTree = "<group>";
		};
		CE5BE9F71D5D0B8F00DDAB4F /* LaunchScreen.storyboard */ = {
			isa = PBXVariantGroup;
			children = (
				CE5BE9F81D5D0B8F00DDAB4F /* Base */,
			);
			name = LaunchScreen.storyboard;
			sourceTree = "<group>";
		};
/* End PBXVariantGroup section */

/* Begin XCBuildConfiguration section */
		CE5BEA111D5D0B8F00DDAB4F /* Debug */ = {
			isa = XCBuildConfiguration;
			buildSettings = {
				ALWAYS_SEARCH_USER_PATHS = NO;
				CLANG_ANALYZER_NONNULL = YES;
				CLANG_CXX_LANGUAGE_STANDARD = "gnu++0x";
				CLANG_CXX_LIBRARY = "libc++";
				CLANG_ENABLE_MODULES = YES;
				CLANG_ENABLE_OBJC_ARC = YES;
				CLANG_WARN_BOOL_CONVERSION = YES;
				CLANG_WARN_CONSTANT_CONVERSION = YES;
				CLANG_WARN_DIRECT_OBJC_ISA_USAGE = YES_ERROR;
				CLANG_WARN_DOCUMENTATION_COMMENTS = YES;
				CLANG_WARN_EMPTY_BODY = YES;
				CLANG_WARN_ENUM_CONVERSION = YES;
				CLANG_WARN_INFINITE_RECURSION = YES;
				CLANG_WARN_INT_CONVERSION = YES;
				CLANG_WARN_OBJC_ROOT_CLASS = YES_ERROR;
				CLANG_WARN_SUSPICIOUS_MOVES = YES;
				CLANG_WARN_UNREACHABLE_CODE = YES;
				CLANG_WARN__DUPLICATE_METHOD_MATCH = YES;
				"CODE_SIGN_IDENTITY[sdk=iphoneos*]" = "iPhone Developer";
				COPY_PHASE_STRIP = NO;
				DEBUG_INFORMATION_FORMAT = dwarf;
				ENABLE_STRICT_OBJC_MSGSEND = YES;
				ENABLE_TESTABILITY = YES;
				GCC_C_LANGUAGE_STANDARD = gnu99;
				GCC_DYNAMIC_NO_PIC = NO;
				GCC_NO_COMMON_BLOCKS = YES;
				GCC_OPTIMIZATION_LEVEL = 0;
				GCC_PREPROCESSOR_DEFINITIONS = (
					"DEBUG=1",
					"$(inherited)",
				);
				GCC_WARN_64_TO_32_BIT_CONVERSION = YES;
				GCC_WARN_ABOUT_RETURN_TYPE = YES_ERROR;
				GCC_WARN_UNDECLARED_SELECTOR = YES;
				GCC_WARN_UNINITIALIZED_AUTOS = YES_AGGRESSIVE;
				GCC_WARN_UNUSED_FUNCTION = YES;
				GCC_WARN_UNUSED_VARIABLE = YES;
				IPHONEOS_DEPLOYMENT_TARGET = 10.0;
				MTL_ENABLE_DEBUG_INFO = YES;
				ONLY_ACTIVE_ARCH = YES;
				SDKROOT = iphoneos;
				SWIFT_ACTIVE_COMPILATION_CONDITIONS = DEBUG;
				SWIFT_OPTIMIZATION_LEVEL = "-Onone";
				TARGETED_DEVICE_FAMILY = "1,2";
			};
			name = Debug;
		};
		CE5BEA121D5D0B8F00DDAB4F /* Release */ = {
			isa = XCBuildConfiguration;
			buildSettings = {
				ALWAYS_SEARCH_USER_PATHS = NO;
				CLANG_ANALYZER_NONNULL = YES;
				CLANG_CXX_LANGUAGE_STANDARD = "gnu++0x";
				CLANG_CXX_LIBRARY = "libc++";
				CLANG_ENABLE_MODULES = YES;
				CLANG_ENABLE_OBJC_ARC = YES;
				CLANG_WARN_BOOL_CONVERSION = YES;
				CLANG_WARN_CONSTANT_CONVERSION = YES;
				CLANG_WARN_DIRECT_OBJC_ISA_USAGE = YES_ERROR;
				CLANG_WARN_DOCUMENTATION_COMMENTS = YES;
				CLANG_WARN_EMPTY_BODY = YES;
				CLANG_WARN_ENUM_CONVERSION = YES;
				CLANG_WARN_INFINITE_RECURSION = YES;
				CLANG_WARN_INT_CONVERSION = YES;
				CLANG_WARN_OBJC_ROOT_CLASS = YES_ERROR;
				CLANG_WARN_SUSPICIOUS_MOVES = YES;
				CLANG_WARN_UNREACHABLE_CODE = YES;
				CLANG_WARN__DUPLICATE_METHOD_MATCH = YES;
				"CODE_SIGN_IDENTITY[sdk=iphoneos*]" = "iPhone Developer";
				COPY_PHASE_STRIP = NO;
				DEBUG_INFORMATION_FORMAT = "dwarf-with-dsym";
				ENABLE_NS_ASSERTIONS = NO;
				ENABLE_STRICT_OBJC_MSGSEND = YES;
				GCC_C_LANGUAGE_STANDARD = gnu99;
				GCC_NO_COMMON_BLOCKS = YES;
				GCC_WARN_64_TO_32_BIT_CONVERSION = YES;
				GCC_WARN_ABOUT_RETURN_TYPE = YES_ERROR;
				GCC_WARN_UNDECLARED_SELECTOR = YES;
				GCC_WARN_UNINITIALIZED_AUTOS = YES_AGGRESSIVE;
				GCC_WARN_UNUSED_FUNCTION = YES;
				GCC_WARN_UNUSED_VARIABLE = YES;
				IPHONEOS_DEPLOYMENT_TARGET = 10.0;
				MTL_ENABLE_DEBUG_INFO = NO;
				SDKROOT = iphoneos;
				SWIFT_OPTIMIZATION_LEVEL = "-Owholemodule";
				TARGETED_DEVICE_FAMILY = "1,2";
				VALIDATE_PRODUCT = YES;
			};
			name = Release;
		};
		CE5BEA141D5D0B8F00DDAB4F /* Debug */ = {
			isa = XCBuildConfiguration;
			baseConfigurationReference = B99FCF6A90EF619BBA03D685 /* Pods-CoolWeatherApp.debug.xcconfig */;
			buildSettings = {
				ASSETCATALOG_COMPILER_APPICON_NAME = AppIcon;
				INFOPLIST_FILE = CoolWeatherApp/Info.plist;
				LD_RUNPATH_SEARCH_PATHS = "$(inherited) @executable_path/Frameworks";
				PRODUCT_BUNDLE_IDENTIFIER = com.vignesh.CoolWeatherApp;
				PRODUCT_NAME = "$(TARGET_NAME)";
				SWIFT_VERSION = 3.0;
			};
			name = Debug;
		};
		CE5BEA151D5D0B8F00DDAB4F /* Release */ = {
			isa = XCBuildConfiguration;
			baseConfigurationReference = 630DC22186F4F056C7061B32 /* Pods-CoolWeatherApp.release.xcconfig */;
			buildSettings = {
				ASSETCATALOG_COMPILER_APPICON_NAME = AppIcon;
				INFOPLIST_FILE = CoolWeatherApp/Info.plist;
				LD_RUNPATH_SEARCH_PATHS = "$(inherited) @executable_path/Frameworks";
				PRODUCT_BUNDLE_IDENTIFIER = com.vignesh.CoolWeatherApp;
				PRODUCT_NAME = "$(TARGET_NAME)";
				SWIFT_VERSION = 3.0;
			};
			name = Release;
		};
		CE5BEA171D5D0B8F00DDAB4F /* Debug */ = {
			isa = XCBuildConfiguration;
			baseConfigurationReference = 81F4916DE6C6360DF0E02B1D /* Pods-CoolWeatherAppTests.debug.xcconfig */;
			buildSettings = {
				BUNDLE_LOADER = "$(TEST_HOST)";
				INFOPLIST_FILE = CoolWeatherAppTests/Info.plist;
				LD_RUNPATH_SEARCH_PATHS = "$(inherited) @executable_path/Frameworks @loader_path/Frameworks";
				PRODUCT_BUNDLE_IDENTIFIER = com.vignesh.CoolWeatherAppTests;
				PRODUCT_NAME = "$(TARGET_NAME)";
				SWIFT_VERSION = 3.0;
				TEST_HOST = "$(BUILT_PRODUCTS_DIR)/CoolWeatherApp.app/CoolWeatherApp";
			};
			name = Debug;
		};
		CE5BEA181D5D0B8F00DDAB4F /* Release */ = {
			isa = XCBuildConfiguration;
			baseConfigurationReference = D03D629433A0F10F3A457AF9 /* Pods-CoolWeatherAppTests.release.xcconfig */;
			buildSettings = {
				BUNDLE_LOADER = "$(TEST_HOST)";
				INFOPLIST_FILE = CoolWeatherAppTests/Info.plist;
				LD_RUNPATH_SEARCH_PATHS = "$(inherited) @executable_path/Frameworks @loader_path/Frameworks";
				PRODUCT_BUNDLE_IDENTIFIER = com.vignesh.CoolWeatherAppTests;
				PRODUCT_NAME = "$(TARGET_NAME)";
				SWIFT_VERSION = 3.0;
				TEST_HOST = "$(BUILT_PRODUCTS_DIR)/CoolWeatherApp.app/CoolWeatherApp";
			};
			name = Release;
		};
		CE5BEA1A1D5D0B8F00DDAB4F /* Debug */ = {
			isa = XCBuildConfiguration;
			baseConfigurationReference = AD11BEFE1D4F649F66E32461 /* Pods-CoolWeatherAppUITests.debug.xcconfig */;
			buildSettings = {
				INFOPLIST_FILE = CoolWeatherAppUITests/Info.plist;
				LD_RUNPATH_SEARCH_PATHS = "$(inherited) @executable_path/Frameworks @loader_path/Frameworks";
				PRODUCT_BUNDLE_IDENTIFIER = com.vignesh.CoolWeatherAppUITests;
				PRODUCT_NAME = "$(TARGET_NAME)";
				SWIFT_VERSION = 3.0;
				TEST_TARGET_NAME = CoolWeatherApp;
			};
			name = Debug;
		};
		CE5BEA1B1D5D0B8F00DDAB4F /* Release */ = {
			isa = XCBuildConfiguration;
			baseConfigurationReference = 21A4A5EBC93BD67465BAF3BC /* Pods-CoolWeatherAppUITests.release.xcconfig */;
			buildSettings = {
				INFOPLIST_FILE = CoolWeatherAppUITests/Info.plist;
				LD_RUNPATH_SEARCH_PATHS = "$(inherited) @executable_path/Frameworks @loader_path/Frameworks";
				PRODUCT_BUNDLE_IDENTIFIER = com.vignesh.CoolWeatherAppUITests;
				PRODUCT_NAME = "$(TARGET_NAME)";
				SWIFT_VERSION = 3.0;
				TEST_TARGET_NAME = CoolWeatherApp;
			};
			name = Release;
		};
/* End XCBuildConfiguration section */

/* Begin XCConfigurationList section */
		CE5BE9E61D5D0B8F00DDAB4F /* Build configuration list for PBXProject "CoolWeatherApp" */ = {
			isa = XCConfigurationList;
			buildConfigurations = (
				CE5BEA111D5D0B8F00DDAB4F /* Debug */,
				CE5BEA121D5D0B8F00DDAB4F /* Release */,
			);
			defaultConfigurationIsVisible = 0;
			defaultConfigurationName = Release;
		};
		CE5BEA131D5D0B8F00DDAB4F /* Build configuration list for PBXNativeTarget "CoolWeatherApp" */ = {
			isa = XCConfigurationList;
			buildConfigurations = (
				CE5BEA141D5D0B8F00DDAB4F /* Debug */,
				CE5BEA151D5D0B8F00DDAB4F /* Release */,
			);
			defaultConfigurationIsVisible = 0;
			defaultConfigurationName = Release;
		};
		CE5BEA161D5D0B8F00DDAB4F /* Build configuration list for PBXNativeTarget "CoolWeatherAppTests" */ = {
			isa = XCConfigurationList;
			buildConfigurations = (
				CE5BEA171D5D0B8F00DDAB4F /* Debug */,
				CE5BEA181D5D0B8F00DDAB4F /* Release */,
			);
			defaultConfigurationIsVisible = 0;
			defaultConfigurationName = Release;
		};
		CE5BEA191D5D0B8F00DDAB4F /* Build configuration list for PBXNativeTarget "CoolWeatherAppUITests" */ = {
			isa = XCConfigurationList;
			buildConfigurations = (
				CE5BEA1A1D5D0B8F00DDAB4F /* Debug */,
				CE5BEA1B1D5D0B8F00DDAB4F /* Release */,
			);
			defaultConfigurationIsVisible = 0;
			defaultConfigurationName = Release;
		};
/* End XCConfigurationList section */
	};
	rootObject = CE5BE9E31D5D0B8F00DDAB4F /* Project object */;
}
