// !$*UTF8*$!
{
	archiveVersion = 1;
	classes = {
	};
	objectVersion = 46;
	objects = {

/* Begin PBXBuildFile section */
		6604D59FAB9FCE448A1C151A /* Pods_CoolWeatherAppUITests.framework in Frameworks */ = {isa = PBXBuildFile; fileRef = BBC6687DCD799E267C3F1E18 /* Pods_CoolWeatherAppUITests.framework */; };
		B0A1E1701A43DEE9D4ADAB36 /* Pods_CoolWeatherAppTests.framework in Frameworks */ = {isa = PBXBuildFile; fileRef = 5D783B0E3C0ED7C1C32B57CB /* Pods_CoolWeatherAppTests.framework */; };
		CE3D59A51D6AA51A001744E7 /* Main.storyboard in Resources */ = {isa = PBXBuildFile; fileRef = CE3D59A41D6AA51A001744E7 /* Main.storyboard */; };
		CE7C88AA1D6A664500669017 /* Constants.swift in Sources */ = {isa = PBXBuildFile; fileRef = CE7C88A31D6A664500669017 /* Constants.swift */; };
		CE7C88AB1D6A664500669017 /* CurrentWeather.swift in Sources */ = {isa = PBXBuildFile; fileRef = CE7C88A41D6A664500669017 /* CurrentWeather.swift */; };
		CE7C88AC1D6A664500669017 /* Forecast.swift in Sources */ = {isa = PBXBuildFile; fileRef = CE7C88A51D6A664500669017 /* Forecast.swift */; };
		CE7C88AD1D6A664500669017 /* Location.swift in Sources */ = {isa = PBXBuildFile; fileRef = CE7C88A61D6A664500669017 /* Location.swift */; };
		CE7C88AF1D6A664500669017 /* WeatherCell.swift in Sources */ = {isa = PBXBuildFile; fileRef = CE7C88A81D6A664500669017 /* WeatherCell.swift */; };
		CE7C88B01D6A664500669017 /* WeatherVC.swift in Sources */ = {isa = PBXBuildFile; fileRef = CE7C88A91D6A664500669017 /* WeatherVC.swift */; };
		CEFB04CC1D6A653800CB3035 /* AppDelegate.swift in Sources */ = {isa = PBXBuildFile; fileRef = CEFB04CB1D6A653800CB3035 /* AppDelegate.swift */; };
		CEFB04D31D6A653800CB3035 /* Assets.xcassets in Resources */ = {isa = PBXBuildFile; fileRef = CEFB04D21D6A653800CB3035 /* Assets.xcassets */; };
		CEFB04D61D6A653800CB3035 /* LaunchScreen.storyboard in Resources */ = {isa = PBXBuildFile; fileRef = CEFB04D41D6A653800CB3035 /* LaunchScreen.storyboard */; };
		CEFB04E11D6A653800CB3035 /* CoolWeatherAppTests.swift in Sources */ = {isa = PBXBuildFile; fileRef = CEFB04E01D6A653800CB3035 /* CoolWeatherAppTests.swift */; };
		CEFB04EC1D6A653800CB3035 /* CoolWeatherAppUITests.swift in Sources */ = {isa = PBXBuildFile; fileRef = CEFB04EB1D6A653800CB3035 /* CoolWeatherAppUITests.swift */; };
		DCAD6DB5CC1458B9346B4A96 /* Pods_CoolWeatherApp.framework in Frameworks */ = {isa = PBXBuildFile; fileRef = 1629330642DBB52D084D2F4A /* Pods_CoolWeatherApp.framework */; };
/* End PBXBuildFile section */

/* Begin PBXContainerItemProxy section */
		CEFB04DD1D6A653800CB3035 /* PBXContainerItemProxy */ = {
			isa = PBXContainerItemProxy;
			containerPortal = CEFB04C01D6A653800CB3035 /* Project object */;
			proxyType = 1;
			remoteGlobalIDString = CEFB04C71D6A653800CB3035;
			remoteInfo = CoolWeatherApp;
		};
		CEFB04E81D6A653800CB3035 /* PBXContainerItemProxy */ = {
			isa = PBXContainerItemProxy;
			containerPortal = CEFB04C01D6A653800CB3035 /* Project object */;
			proxyType = 1;
			remoteGlobalIDString = CEFB04C71D6A653800CB3035;
			remoteInfo = CoolWeatherApp;
		};
/* End PBXContainerItemProxy section */

/* Begin PBXFileReference section */
		07746B6EAF6C6094737D5338 /* Pods-CoolWeatherAppUITests.debug.xcconfig */ = {isa = PBXFileReference; includeInIndex = 1; lastKnownFileType = text.xcconfig; name = "Pods-CoolWeatherAppUITests.debug.xcconfig"; path = "Pods/Target Support Files/Pods-CoolWeatherAppUITests/Pods-CoolWeatherAppUITests.debug.xcconfig"; sourceTree = "<group>"; };
		0E7569EB4CB1B010D84518CE /* Pods-CoolWeatherApp.release.xcconfig */ = {isa = PBXFileReference; includeInIndex = 1; lastKnownFileType = text.xcconfig; name = "Pods-CoolWeatherApp.release.xcconfig"; path = "Pods/Target Support Files/Pods-CoolWeatherApp/Pods-CoolWeatherApp.release.xcconfig"; sourceTree = "<group>"; };
		14C4EC0C3DC2D89076CE8243 /* Pods-CoolWeatherAppUITests.release.xcconfig */ = {isa = PBXFileReference; includeInIndex = 1; lastKnownFileType = text.xcconfig; name = "Pods-CoolWeatherAppUITests.release.xcconfig"; path = "Pods/Target Support Files/Pods-CoolWeatherAppUITests/Pods-CoolWeatherAppUITests.release.xcconfig"; sourceTree = "<group>"; };
		1629330642DBB52D084D2F4A /* Pods_CoolWeatherApp.framework */ = {isa = PBXFileReference; explicitFileType = wrapper.framework; includeInIndex = 0; path = Pods_CoolWeatherApp.framework; sourceTree = BUILT_PRODUCTS_DIR; };
		5D783B0E3C0ED7C1C32B57CB /* Pods_CoolWeatherAppTests.framework */ = {isa = PBXFileReference; explicitFileType = wrapper.framework; includeInIndex = 0; path = Pods_CoolWeatherAppTests.framework; sourceTree = BUILT_PRODUCTS_DIR; };
		789749021FB972EC9C0E1CD8 /* Pods-CoolWeatherApp.debug.xcconfig */ = {isa = PBXFileReference; includeInIndex = 1; lastKnownFileType = text.xcconfig; name = "Pods-CoolWeatherApp.debug.xcconfig"; path = "Pods/Target Support Files/Pods-CoolWeatherApp/Pods-CoolWeatherApp.debug.xcconfig"; sourceTree = "<group>"; };
		A083AC1DCC64AF8D16BB9F73 /* Pods-CoolWeatherAppTests.release.xcconfig */ = {isa = PBXFileReference; includeInIndex = 1; lastKnownFileType = text.xcconfig; name = "Pods-CoolWeatherAppTests.release.xcconfig"; path = "Pods/Target Support Files/Pods-CoolWeatherAppTests/Pods-CoolWeatherAppTests.release.xcconfig"; sourceTree = "<group>"; };
		BBC6687DCD799E267C3F1E18 /* Pods_CoolWeatherAppUITests.framework */ = {isa = PBXFileReference; explicitFileType = wrapper.framework; includeInIndex = 0; path = Pods_CoolWeatherAppUITests.framework; sourceTree = BUILT_PRODUCTS_DIR; };
		CE3D59A41D6AA51A001744E7 /* Main.storyboard */ = {isa = PBXFileReference; fileEncoding = 4; lastKnownFileType = file.storyboard; path = Main.storyboard; sourceTree = "<group>"; };
		CE7C88A31D6A664500669017 /* Constants.swift */ = {isa = PBXFileReference; fileEncoding = 4; lastKnownFileType = sourcecode.swift; path = Constants.swift; sourceTree = "<group>"; };
		CE7C88A41D6A664500669017 /* CurrentWeather.swift */ = {isa = PBXFileReference; fileEncoding = 4; lastKnownFileType = sourcecode.swift; path = CurrentWeather.swift; sourceTree = "<group>"; };
		CE7C88A51D6A664500669017 /* Forecast.swift */ = {isa = PBXFileReference; fileEncoding = 4; lastKnownFileType = sourcecode.swift; path = Forecast.swift; sourceTree = "<group>"; };
		CE7C88A61D6A664500669017 /* Location.swift */ = {isa = PBXFileReference; fileEncoding = 4; lastKnownFileType = sourcecode.swift; path = Location.swift; sourceTree = "<group>"; };
		CE7C88A81D6A664500669017 /* WeatherCell.swift */ = {isa = PBXFileReference; fileEncoding = 4; lastKnownFileType = sourcecode.swift; path = WeatherCell.swift; sourceTree = "<group>"; };
		CE7C88A91D6A664500669017 /* WeatherVC.swift */ = {isa = PBXFileReference; fileEncoding = 4; lastKnownFileType = sourcecode.swift; path = WeatherVC.swift; sourceTree = "<group>"; };
		CEFB04C81D6A653800CB3035 /* CoolWeatherApp.app */ = {isa = PBXFileReference; explicitFileType = wrapper.application; includeInIndex = 0; path = CoolWeatherApp.app; sourceTree = BUILT_PRODUCTS_DIR; };
		CEFB04CB1D6A653800CB3035 /* AppDelegate.swift */ = {isa = PBXFileReference; lastKnownFileType = sourcecode.swift; path = AppDelegate.swift; sourceTree = "<group>"; };
		CEFB04D21D6A653800CB3035 /* Assets.xcassets */ = {isa = PBXFileReference; lastKnownFileType = folder.assetcatalog; path = Assets.xcassets; sourceTree = "<group>"; };
		CEFB04D51D6A653800CB3035 /* Base */ = {isa = PBXFileReference; lastKnownFileType = file.storyboard; name = Base; path = Base.lproj/LaunchScreen.storyboard; sourceTree = "<group>"; };
		CEFB04D71D6A653800CB3035 /* Info.plist */ = {isa = PBXFileReference; lastKnownFileType = text.plist.xml; path = Info.plist; sourceTree = "<group>"; };
		CEFB04DC1D6A653800CB3035 /* CoolWeatherAppTests.xctest */ = {isa = PBXFileReference; explicitFileType = wrapper.cfbundle; includeInIndex = 0; path = CoolWeatherAppTests.xctest; sourceTree = BUILT_PRODUCTS_DIR; };
		CEFB04E01D6A653800CB3035 /* CoolWeatherAppTests.swift */ = {isa = PBXFileReference; lastKnownFileType = sourcecode.swift; path = CoolWeatherAppTests.swift; sourceTree = "<group>"; };
		CEFB04E21D6A653800CB3035 /* Info.plist */ = {isa = PBXFileReference; lastKnownFileType = text.plist.xml; path = Info.plist; sourceTree = "<group>"; };
		CEFB04E71D6A653800CB3035 /* CoolWeatherAppUITests.xctest */ = {isa = PBXFileReference; explicitFileType = wrapper.cfbundle; includeInIndex = 0; path = CoolWeatherAppUITests.xctest; sourceTree = BUILT_PRODUCTS_DIR; };
		CEFB04EB1D6A653800CB3035 /* CoolWeatherAppUITests.swift */ = {isa = PBXFileReference; lastKnownFileType = sourcecode.swift; path = CoolWeatherAppUITests.swift; sourceTree = "<group>"; };
		CEFB04ED1D6A653800CB3035 /* Info.plist */ = {isa = PBXFileReference; lastKnownFileType = text.plist.xml; path = Info.plist; sourceTree = "<group>"; };
		FC72F9D51114A22EC9ADF2AC /* Pods-CoolWeatherAppTests.debug.xcconfig */ = {isa = PBXFileReference; includeInIndex = 1; lastKnownFileType = text.xcconfig; name = "Pods-CoolWeatherAppTests.debug.xcconfig"; path = "Pods/Target Support Files/Pods-CoolWeatherAppTests/Pods-CoolWeatherAppTests.debug.xcconfig"; sourceTree = "<group>"; };
/* End PBXFileReference section */

/* Begin PBXFrameworksBuildPhase section */
		CEFB04C51D6A653800CB3035 /* Frameworks */ = {
			isa = PBXFrameworksBuildPhase;
			buildActionMask = 2147483647;
			files = (
				DCAD6DB5CC1458B9346B4A96 /* Pods_CoolWeatherApp.framework in Frameworks */,
			);
			runOnlyForDeploymentPostprocessing = 0;
		};
		CEFB04D91D6A653800CB3035 /* Frameworks */ = {
			isa = PBXFrameworksBuildPhase;
			buildActionMask = 2147483647;
			files = (
				B0A1E1701A43DEE9D4ADAB36 /* Pods_CoolWeatherAppTests.framework in Frameworks */,
			);
			runOnlyForDeploymentPostprocessing = 0;
		};
		CEFB04E41D6A653800CB3035 /* Frameworks */ = {
			isa = PBXFrameworksBuildPhase;
			buildActionMask = 2147483647;
			files = (
				6604D59FAB9FCE448A1C151A /* Pods_CoolWeatherAppUITests.framework in Frameworks */,
			);
			runOnlyForDeploymentPostprocessing = 0;
		};
/* End PBXFrameworksBuildPhase section */

/* Begin PBXGroup section */
		873DD94AC56A1D3AA25A0786 /* Frameworks */ = {
			isa = PBXGroup;
			children = (
				1629330642DBB52D084D2F4A /* Pods_CoolWeatherApp.framework */,
				5D783B0E3C0ED7C1C32B57CB /* Pods_CoolWeatherAppTests.framework */,
				BBC6687DCD799E267C3F1E18 /* Pods_CoolWeatherAppUITests.framework */,
			);
			name = Frameworks;
			sourceTree = "<group>";
		};
		CEFB04BF1D6A653800CB3035 = {
			isa = PBXGroup;
			children = (
				CEFB04CA1D6A653800CB3035 /* CoolWeatherApp */,
				CEFB04DF1D6A653800CB3035 /* CoolWeatherAppTests */,
				CEFB04EA1D6A653800CB3035 /* CoolWeatherAppUITests */,
				CEFB04C91D6A653800CB3035 /* Products */,
				F2277FDEB2C0DFC4FDB69556 /* Pods */,
				873DD94AC56A1D3AA25A0786 /* Frameworks */,
			);
			sourceTree = "<group>";
		};
		CEFB04C91D6A653800CB3035 /* Products */ = {
			isa = PBXGroup;
			children = (
				CEFB04C81D6A653800CB3035 /* CoolWeatherApp.app */,
				CEFB04DC1D6A653800CB3035 /* CoolWeatherAppTests.xctest */,
				CEFB04E71D6A653800CB3035 /* CoolWeatherAppUITests.xctest */,
			);
			name = Products;
			sourceTree = "<group>";
		};
		CEFB04CA1D6A653800CB3035 /* CoolWeatherApp */ = {
			isa = PBXGroup;
			children = (
				CEFB04CB1D6A653800CB3035 /* AppDelegate.swift */,
				CE7C88A31D6A664500669017 /* Constants.swift */,
				CE7C88A41D6A664500669017 /* CurrentWeather.swift */,
				CE7C88A51D6A664500669017 /* Forecast.swift */,
				CE7C88A61D6A664500669017 /* Location.swift */,
				CE7C88A81D6A664500669017 /* WeatherCell.swift */,
				CE7C88A91D6A664500669017 /* WeatherVC.swift */,
				CEFB04D21D6A653800CB3035 /* Assets.xcassets */,
				CEFB04D41D6A653800CB3035 /* LaunchScreen.storyboard */,
				CEFB04D71D6A653800CB3035 /* Info.plist */,
				CE3D59A41D6AA51A001744E7 /* Main.storyboard */,
			);
			path = CoolWeatherApp;
			sourceTree = "<group>";
		};
		CEFB04DF1D6A653800CB3035 /* CoolWeatherAppTests */ = {
			isa = PBXGroup;
			children = (
				CEFB04E01D6A653800CB3035 /* CoolWeatherAppTests.swift */,
				CEFB04E21D6A653800CB3035 /* Info.plist */,
			);
			path = CoolWeatherAppTests;
			sourceTree = "<group>";
		};
		CEFB04EA1D6A653800CB3035 /* CoolWeatherAppUITests */ = {
			isa = PBXGroup;
			children = (
				CEFB04EB1D6A653800CB3035 /* CoolWeatherAppUITests.swift */,
				CEFB04ED1D6A653800CB3035 /* Info.plist */,
			);
			path = CoolWeatherAppUITests;
			sourceTree = "<group>";
		};
		F2277FDEB2C0DFC4FDB69556 /* Pods */ = {
			isa = PBXGroup;
			children = (
				789749021FB972EC9C0E1CD8 /* Pods-CoolWeatherApp.debug.xcconfig */,
				0E7569EB4CB1B010D84518CE /* Pods-CoolWeatherApp.release.xcconfig */,
				FC72F9D51114A22EC9ADF2AC /* Pods-CoolWeatherAppTests.debug.xcconfig */,
				A083AC1DCC64AF8D16BB9F73 /* Pods-CoolWeatherAppTests.release.xcconfig */,
				07746B6EAF6C6094737D5338 /* Pods-CoolWeatherAppUITests.debug.xcconfig */,
				14C4EC0C3DC2D89076CE8243 /* Pods-CoolWeatherAppUITests.release.xcconfig */,
			);
			name = Pods;
			sourceTree = "<group>";
		};
/* End PBXGroup section */

/* Begin PBXNativeTarget section */
		CEFB04C71D6A653800CB3035 /* CoolWeatherApp */ = {
			isa = PBXNativeTarget;
			buildConfigurationList = CEFB04F01D6A653800CB3035 /* Build configuration list for PBXNativeTarget "CoolWeatherApp" */;
			buildPhases = (
				C63C4DB49B52BB3500C60A58 /* [CP] Check Pods Manifest.lock */,
				CEFB04C41D6A653800CB3035 /* Sources */,
				CEFB04C51D6A653800CB3035 /* Frameworks */,
				CEFB04C61D6A653800CB3035 /* Resources */,
				D02C9D2251EFECB86D575BBB /* [CP] Embed Pods Frameworks */,
				7F7B2C903E59D4459FF15D60 /* [CP] Copy Pods Resources */,
			);
			buildRules = (
			);
			dependencies = (
			);
			name = CoolWeatherApp;
			productName = CoolWeatherApp;
			productReference = CEFB04C81D6A653800CB3035 /* CoolWeatherApp.app */;
			productType = "com.apple.product-type.application";
		};
		CEFB04DB1D6A653800CB3035 /* CoolWeatherAppTests */ = {
			isa = PBXNativeTarget;
			buildConfigurationList = CEFB04F31D6A653800CB3035 /* Build configuration list for PBXNativeTarget "CoolWeatherAppTests" */;
			buildPhases = (
				B4536EE2A9662FAD9830DAE1 /* [CP] Check Pods Manifest.lock */,
				CEFB04D81D6A653800CB3035 /* Sources */,
				CEFB04D91D6A653800CB3035 /* Frameworks */,
				CEFB04DA1D6A653800CB3035 /* Resources */,
				315852CCBE35262900FDAAA7 /* [CP] Embed Pods Frameworks */,
				78480120F20DBD5C4D189BF3 /* [CP] Copy Pods Resources */,
			);
			buildRules = (
			);
			dependencies = (
				CEFB04DE1D6A653800CB3035 /* PBXTargetDependency */,
			);
			name = CoolWeatherAppTests;
			productName = CoolWeatherAppTests;
			productReference = CEFB04DC1D6A653800CB3035 /* CoolWeatherAppTests.xctest */;
			productType = "com.apple.product-type.bundle.unit-test";
		};
		CEFB04E61D6A653800CB3035 /* CoolWeatherAppUITests */ = {
			isa = PBXNativeTarget;
			buildConfigurationList = CEFB04F61D6A653800CB3035 /* Build configuration list for PBXNativeTarget "CoolWeatherAppUITests" */;
			buildPhases = (
				45C3DF4364948DA80997458F /* [CP] Check Pods Manifest.lock */,
				CEFB04E31D6A653800CB3035 /* Sources */,
				CEFB04E41D6A653800CB3035 /* Frameworks */,
				CEFB04E51D6A653800CB3035 /* Resources */,
				E13D4E6348221D1489F5D6A7 /* [CP] Embed Pods Frameworks */,
				95D690600F53FC932D750B92 /* [CP] Copy Pods Resources */,
			);
			buildRules = (
			);
			dependencies = (
				CEFB04E91D6A653800CB3035 /* PBXTargetDependency */,
			);
			name = CoolWeatherAppUITests;
			productName = CoolWeatherAppUITests;
			productReference = CEFB04E71D6A653800CB3035 /* CoolWeatherAppUITests.xctest */;
			productType = "com.apple.product-type.bundle.ui-testing";
		};
/* End PBXNativeTarget section */

/* Begin PBXProject section */
		CEFB04C01D6A653800CB3035 /* Project object */ = {
			isa = PBXProject;
			attributes = {
				LastSwiftUpdateCheck = 0730;
				LastUpgradeCheck = 0730;
				ORGANIZATIONNAME = "Vignesh Kumar";
				TargetAttributes = {
					CEFB04C71D6A653800CB3035 = {
						CreatedOnToolsVersion = 7.3.1;
						DevelopmentTeam = BS9WX33AYB;
					};
					CEFB04DB1D6A653800CB3035 = {
						CreatedOnToolsVersion = 7.3.1;
						TestTargetID = CEFB04C71D6A653800CB3035;
					};
					CEFB04E61D6A653800CB3035 = {
						CreatedOnToolsVersion = 7.3.1;
						TestTargetID = CEFB04C71D6A653800CB3035;
					};
				};
			};
			buildConfigurationList = CEFB04C31D6A653800CB3035 /* Build configuration list for PBXProject "CoolWeatherApp" */;
			compatibilityVersion = "Xcode 3.2";
			developmentRegion = English;
			hasScannedForEncodings = 0;
			knownRegions = (
				en,
				Base,
			);
			mainGroup = CEFB04BF1D6A653800CB3035;
			productRefGroup = CEFB04C91D6A653800CB3035 /* Products */;
			projectDirPath = "";
			projectRoot = "";
			targets = (
				CEFB04C71D6A653800CB3035 /* CoolWeatherApp */,
				CEFB04DB1D6A653800CB3035 /* CoolWeatherAppTests */,
				CEFB04E61D6A653800CB3035 /* CoolWeatherAppUITests */,
			);
		};
/* End PBXProject section */

/* Begin PBXResourcesBuildPhase section */
		CEFB04C61D6A653800CB3035 /* Resources */ = {
			isa = PBXResourcesBuildPhase;
			buildActionMask = 2147483647;
			files = (
				CE3D59A51D6AA51A001744E7 /* Main.storyboard in Resources */,
				CEFB04D61D6A653800CB3035 /* LaunchScreen.storyboard in Resources */,
				CEFB04D31D6A653800CB3035 /* Assets.xcassets in Resources */,
			);
			runOnlyForDeploymentPostprocessing = 0;
		};
		CEFB04DA1D6A653800CB3035 /* Resources */ = {
			isa = PBXResourcesBuildPhase;
			buildActionMask = 2147483647;
			files = (
			);
			runOnlyForDeploymentPostprocessing = 0;
		};
		CEFB04E51D6A653800CB3035 /* Resources */ = {
			isa = PBXResourcesBuildPhase;
			buildActionMask = 2147483647;
			files = (
			);
			runOnlyForDeploymentPostprocessing = 0;
		};
/* End PBXResourcesBuildPhase section */

/* Begin PBXShellScriptBuildPhase section */
		315852CCBE35262900FDAAA7 /* [CP] Embed Pods Frameworks */ = {
			isa = PBXShellScriptBuildPhase;
			buildActionMask = 2147483647;
			files = (
			);
			inputPaths = (
			);
			name = "[CP] Embed Pods Frameworks";
			outputPaths = (
			);
			runOnlyForDeploymentPostprocessing = 0;
			shellPath = /bin/sh;
			shellScript = "\"${SRCROOT}/Pods/Target Support Files/Pods-CoolWeatherAppTests/Pods-CoolWeatherAppTests-frameworks.sh\"\n";
			showEnvVarsInLog = 0;
		};
		45C3DF4364948DA80997458F /* [CP] Check Pods Manifest.lock */ = {
			isa = PBXShellScriptBuildPhase;
			buildActionMask = 2147483647;
			files = (
			);
			inputPaths = (
			);
			name = "[CP] Check Pods Manifest.lock";
			outputPaths = (
			);
			runOnlyForDeploymentPostprocessing = 0;
			shellPath = /bin/sh;
			shellScript = "diff \"${PODS_ROOT}/../Podfile.lock\" \"${PODS_ROOT}/Manifest.lock\" > /dev/null\nif [ $? != 0 ] ; then\n    # print error to STDERR\n    echo \"error: The sandbox is not in sync with the Podfile.lock. Run 'pod install' or update your CocoaPods installation.\" >&2\n    exit 1\nfi\n";
			showEnvVarsInLog = 0;
		};
		78480120F20DBD5C4D189BF3 /* [CP] Copy Pods Resources */ = {
			isa = PBXShellScriptBuildPhase;
			buildActionMask = 2147483647;
			files = (
			);
			inputPaths = (
			);
			name = "[CP] Copy Pods Resources";
			outputPaths = (
			);
			runOnlyForDeploymentPostprocessing = 0;
			shellPath = /bin/sh;
			shellScript = "\"${SRCROOT}/Pods/Target Support Files/Pods-CoolWeatherAppTests/Pods-CoolWeatherAppTests-resources.sh\"\n";
			showEnvVarsInLog = 0;
		};
		7F7B2C903E59D4459FF15D60 /* [CP] Copy Pods Resources */ = {
			isa = PBXShellScriptBuildPhase;
			buildActionMask = 2147483647;
			files = (
			);
			inputPaths = (
			);
			name = "[CP] Copy Pods Resources";
			outputPaths = (
			);
			runOnlyForDeploymentPostprocessing = 0;
			shellPath = /bin/sh;
			shellScript = "\"${SRCROOT}/Pods/Target Support Files/Pods-CoolWeatherApp/Pods-CoolWeatherApp-resources.sh\"\n";
			showEnvVarsInLog = 0;
		};
		95D690600F53FC932D750B92 /* [CP] Copy Pods Resources */ = {
			isa = PBXShellScriptBuildPhase;
			buildActionMask = 2147483647;
			files = (
			);
			inputPaths = (
			);
			name = "[CP] Copy Pods Resources";
			outputPaths = (
			);
			runOnlyForDeploymentPostprocessing = 0;
			shellPath = /bin/sh;
			shellScript = "\"${SRCROOT}/Pods/Target Support Files/Pods-CoolWeatherAppUITests/Pods-CoolWeatherAppUITests-resources.sh\"\n";
			showEnvVarsInLog = 0;
		};
		B4536EE2A9662FAD9830DAE1 /* [CP] Check Pods Manifest.lock */ = {
			isa = PBXShellScriptBuildPhase;
			buildActionMask = 2147483647;
			files = (
			);
			inputPaths = (
			);
			name = "[CP] Check Pods Manifest.lock";
			outputPaths = (
			);
			runOnlyForDeploymentPostprocessing = 0;
			shellPath = /bin/sh;
			shellScript = "diff \"${PODS_ROOT}/../Podfile.lock\" \"${PODS_ROOT}/Manifest.lock\" > /dev/null\nif [ $? != 0 ] ; then\n    # print error to STDERR\n    echo \"error: The sandbox is not in sync with the Podfile.lock. Run 'pod install' or update your CocoaPods installation.\" >&2\n    exit 1\nfi\n";
			showEnvVarsInLog = 0;
		};
		C63C4DB49B52BB3500C60A58 /* [CP] Check Pods Manifest.lock */ = {
			isa = PBXShellScriptBuildPhase;
			buildActionMask = 2147483647;
			files = (
			);
			inputPaths = (
			);
			name = "[CP] Check Pods Manifest.lock";
			outputPaths = (
			);
			runOnlyForDeploymentPostprocessing = 0;
			shellPath = /bin/sh;
			shellScript = "diff \"${PODS_ROOT}/../Podfile.lock\" \"${PODS_ROOT}/Manifest.lock\" > /dev/null\nif [ $? != 0 ] ; then\n    # print error to STDERR\n    echo \"error: The sandbox is not in sync with the Podfile.lock. Run 'pod install' or update your CocoaPods installation.\" >&2\n    exit 1\nfi\n";
			showEnvVarsInLog = 0;
		};
		D02C9D2251EFECB86D575BBB /* [CP] Embed Pods Frameworks */ = {
			isa = PBXShellScriptBuildPhase;
			buildActionMask = 2147483647;
			files = (
			);
			inputPaths = (
			);
			name = "[CP] Embed Pods Frameworks";
			outputPaths = (
			);
			runOnlyForDeploymentPostprocessing = 0;
			shellPath = /bin/sh;
			shellScript = "\"${SRCROOT}/Pods/Target Support Files/Pods-CoolWeatherApp/Pods-CoolWeatherApp-frameworks.sh\"\n";
			showEnvVarsInLog = 0;
		};
		E13D4E6348221D1489F5D6A7 /* [CP] Embed Pods Frameworks */ = {
			isa = PBXShellScriptBuildPhase;
			buildActionMask = 2147483647;
			files = (
			);
			inputPaths = (
			);
			name = "[CP] Embed Pods Frameworks";
			outputPaths = (
			);
			runOnlyForDeploymentPostprocessing = 0;
			shellPath = /bin/sh;
			shellScript = "\"${SRCROOT}/Pods/Target Support Files/Pods-CoolWeatherAppUITests/Pods-CoolWeatherAppUITests-frameworks.sh\"\n";
			showEnvVarsInLog = 0;
		};
/* End PBXShellScriptBuildPhase section */

/* Begin PBXSourcesBuildPhase section */
		CEFB04C41D6A653800CB3035 /* Sources */ = {
			isa = PBXSourcesBuildPhase;
			buildActionMask = 2147483647;
			files = (
				CEFB04CC1D6A653800CB3035 /* AppDelegate.swift in Sources */,
				CE7C88AB1D6A664500669017 /* CurrentWeather.swift in Sources */,
				CE7C88AA1D6A664500669017 /* Constants.swift in Sources */,
				CE7C88B01D6A664500669017 /* WeatherVC.swift in Sources */,
				CE7C88AF1D6A664500669017 /* WeatherCell.swift in Sources */,
				CE7C88AD1D6A664500669017 /* Location.swift in Sources */,
				CE7C88AC1D6A664500669017 /* Forecast.swift in Sources */,
			);
			runOnlyForDeploymentPostprocessing = 0;
		};
		CEFB04D81D6A653800CB3035 /* Sources */ = {
			isa = PBXSourcesBuildPhase;
			buildActionMask = 2147483647;
			files = (
				CEFB04E11D6A653800CB3035 /* CoolWeatherAppTests.swift in Sources */,
			);
			runOnlyForDeploymentPostprocessing = 0;
		};
		CEFB04E31D6A653800CB3035 /* Sources */ = {
			isa = PBXSourcesBuildPhase;
			buildActionMask = 2147483647;
			files = (
				CEFB04EC1D6A653800CB3035 /* CoolWeatherAppUITests.swift in Sources */,
			);
			runOnlyForDeploymentPostprocessing = 0;
		};
/* End PBXSourcesBuildPhase section */

/* Begin PBXTargetDependency section */
		CEFB04DE1D6A653800CB3035 /* PBXTargetDependency */ = {
			isa = PBXTargetDependency;
			target = CEFB04C71D6A653800CB3035 /* CoolWeatherApp */;
			targetProxy = CEFB04DD1D6A653800CB3035 /* PBXContainerItemProxy */;
		};
		CEFB04E91D6A653800CB3035 /* PBXTargetDependency */ = {
			isa = PBXTargetDependency;
			target = CEFB04C71D6A653800CB3035 /* CoolWeatherApp */;
			targetProxy = CEFB04E81D6A653800CB3035 /* PBXContainerItemProxy */;
		};
/* End PBXTargetDependency section */

/* Begin PBXVariantGroup section */
		CEFB04D41D6A653800CB3035 /* LaunchScreen.storyboard */ = {
			isa = PBXVariantGroup;
			children = (
				CEFB04D51D6A653800CB3035 /* Base */,
			);
			name = LaunchScreen.storyboard;
			sourceTree = "<group>";
		};
/* End PBXVariantGroup section */

/* Begin XCBuildConfiguration section */
		CEFB04EE1D6A653800CB3035 /* Debug */ = {
			isa = XCBuildConfiguration;
			buildSettings = {
				ALWAYS_SEARCH_USER_PATHS = NO;
				CLANG_ANALYZER_NONNULL = YES;
				CLANG_CXX_LANGUAGE_STANDARD = "gnu++0x";
				CLANG_CXX_LIBRARY = "libc++";
				CLANG_ENABLE_MODULES = YES;
				CLANG_ENABLE_OBJC_ARC = YES;
				CLANG_WARN_BOOL_CONVERSION = YES;
				CLANG_WARN_CONSTANT_CONVERSION = YES;
				CLANG_WARN_DIRECT_OBJC_ISA_USAGE = YES_ERROR;
				CLANG_WARN_EMPTY_BODY = YES;
				CLANG_WARN_ENUM_CONVERSION = YES;
				CLANG_WARN_INT_CONVERSION = YES;
				CLANG_WARN_OBJC_ROOT_CLASS = YES_ERROR;
				CLANG_WARN_UNREACHABLE_CODE = YES;
				CLANG_WARN__DUPLICATE_METHOD_MATCH = YES;
				"CODE_SIGN_IDENTITY[sdk=iphoneos*]" = "iPhone Developer";
				COPY_PHASE_STRIP = NO;
				DEBUG_INFORMATION_FORMAT = dwarf;
				ENABLE_STRICT_OBJC_MSGSEND = YES;
				ENABLE_TESTABILITY = YES;
				GCC_C_LANGUAGE_STANDARD = gnu99;
				GCC_DYNAMIC_NO_PIC = NO;
				GCC_NO_COMMON_BLOCKS = YES;
				GCC_OPTIMIZATION_LEVEL = 0;
				GCC_PREPROCESSOR_DEFINITIONS = (
					"DEBUG=1",
					"$(inherited)",
				);
				GCC_WARN_64_TO_32_BIT_CONVERSION = YES;
				GCC_WARN_ABOUT_RETURN_TYPE = YES_ERROR;
				GCC_WARN_UNDECLARED_SELECTOR = YES;
				GCC_WARN_UNINITIALIZED_AUTOS = YES_AGGRESSIVE;
				GCC_WARN_UNUSED_FUNCTION = YES;
				GCC_WARN_UNUSED_VARIABLE = YES;
				IPHONEOS_DEPLOYMENT_TARGET = 9.3;
				MTL_ENABLE_DEBUG_INFO = YES;
				ONLY_ACTIVE_ARCH = YES;
				SDKROOT = iphoneos;
				SWIFT_OPTIMIZATION_LEVEL = "-Onone";
				TARGETED_DEVICE_FAMILY = "1,2";
			};
			name = Debug;
		};
		CEFB04EF1D6A653800CB3035 /* Release */ = {
			isa = XCBuildConfiguration;
			buildSettings = {
				ALWAYS_SEARCH_USER_PATHS = NO;
				CLANG_ANALYZER_NONNULL = YES;
				CLANG_CXX_LANGUAGE_STANDARD = "gnu++0x";
				CLANG_CXX_LIBRARY = "libc++";
				CLANG_ENABLE_MODULES = YES;
				CLANG_ENABLE_OBJC_ARC = YES;
				CLANG_WARN_BOOL_CONVERSION = YES;
				CLANG_WARN_CONSTANT_CONVERSION = YES;
				CLANG_WARN_DIRECT_OBJC_ISA_USAGE = YES_ERROR;
				CLANG_WARN_EMPTY_BODY = YES;
				CLANG_WARN_ENUM_CONVERSION = YES;
				CLANG_WARN_INT_CONVERSION = YES;
				CLANG_WARN_OBJC_ROOT_CLASS = YES_ERROR;
				CLANG_WARN_UNREACHABLE_CODE = YES;
				CLANG_WARN__DUPLICATE_METHOD_MATCH = YES;
				"CODE_SIGN_IDENTITY[sdk=iphoneos*]" = "iPhone Developer";
				COPY_PHASE_STRIP = NO;
				DEBUG_INFORMATION_FORMAT = "dwarf-with-dsym";
				ENABLE_NS_ASSERTIONS = NO;
				ENABLE_STRICT_OBJC_MSGSEND = YES;
				GCC_C_LANGUAGE_STANDARD = gnu99;
				GCC_NO_COMMON_BLOCKS = YES;
				GCC_WARN_64_TO_32_BIT_CONVERSION = YES;
				GCC_WARN_ABOUT_RETURN_TYPE = YES_ERROR;
				GCC_WARN_UNDECLARED_SELECTOR = YES;
				GCC_WARN_UNINITIALIZED_AUTOS = YES_AGGRESSIVE;
				GCC_WARN_UNUSED_FUNCTION = YES;
				GCC_WARN_UNUSED_VARIABLE = YES;
				IPHONEOS_DEPLOYMENT_TARGET = 9.3;
				MTL_ENABLE_DEBUG_INFO = NO;
				SDKROOT = iphoneos;
				TARGETED_DEVICE_FAMILY = "1,2";
				VALIDATE_PRODUCT = YES;
			};
			name = Release;
		};
		CEFB04F11D6A653800CB3035 /* Debug */ = {
			isa = XCBuildConfiguration;
			baseConfigurationReference = 789749021FB972EC9C0E1CD8 /* Pods-CoolWeatherApp.debug.xcconfig */;
			buildSettings = {
				ASSETCATALOG_COMPILER_APPICON_NAME = AppIcon;
				CODE_SIGN_IDENTITY = "iPhone Developer";
				"CODE_SIGN_IDENTITY[sdk=iphoneos*]" = "iPhone Developer";
				INFOPLIST_FILE = CoolWeatherApp/Info.plist;
				LD_RUNPATH_SEARCH_PATHS = "$(inherited) @executable_path/Frameworks";
				PRODUCT_BUNDLE_IDENTIFIER = com.vignesh.CoolWeatherApp;
				PRODUCT_NAME = "$(TARGET_NAME)";
				PROVISIONING_PROFILE = "";
			};
			name = Debug;
		};
		CEFB04F21D6A653800CB3035 /* Release */ = {
			isa = XCBuildConfiguration;
			baseConfigurationReference = 0E7569EB4CB1B010D84518CE /* Pods-CoolWeatherApp.release.xcconfig */;
			buildSettings = {
				ASSETCATALOG_COMPILER_APPICON_NAME = AppIcon;
				CODE_SIGN_IDENTITY = "iPhone Developer";
				"CODE_SIGN_IDENTITY[sdk=iphoneos*]" = "iPhone Developer";
				INFOPLIST_FILE = CoolWeatherApp/Info.plist;
				LD_RUNPATH_SEARCH_PATHS = "$(inherited) @executable_path/Frameworks";
				PRODUCT_BUNDLE_IDENTIFIER = com.vignesh.CoolWeatherApp;
				PRODUCT_NAME = "$(TARGET_NAME)";
				PROVISIONING_PROFILE = "";
			};
			name = Release;
		};
		CEFB04F41D6A653800CB3035 /* Debug */ = {
			isa = XCBuildConfiguration;
			baseConfigurationReference = FC72F9D51114A22EC9ADF2AC /* Pods-CoolWeatherAppTests.debug.xcconfig */;
			buildSettings = {
				BUNDLE_LOADER = "$(TEST_HOST)";
				INFOPLIST_FILE = CoolWeatherAppTests/Info.plist;
				LD_RUNPATH_SEARCH_PATHS = "$(inherited) @executable_path/Frameworks @loader_path/Frameworks";
				PRODUCT_BUNDLE_IDENTIFIER = com.vignesh.CoolWeatherAppTests;
				PRODUCT_NAME = "$(TARGET_NAME)";
				TEST_HOST = "$(BUILT_PRODUCTS_DIR)/CoolWeatherApp.app/CoolWeatherApp";
			};
			name = Debug;
		};
		CEFB04F51D6A653800CB3035 /* Release */ = {
			isa = XCBuildConfiguration;
			baseConfigurationReference = A083AC1DCC64AF8D16BB9F73 /* Pods-CoolWeatherAppTests.release.xcconfig */;
			buildSettings = {
				BUNDLE_LOADER = "$(TEST_HOST)";
				INFOPLIST_FILE = CoolWeatherAppTests/Info.plist;
				LD_RUNPATH_SEARCH_PATHS = "$(inherited) @executable_path/Frameworks @loader_path/Frameworks";
				PRODUCT_BUNDLE_IDENTIFIER = com.vignesh.CoolWeatherAppTests;
				PRODUCT_NAME = "$(TARGET_NAME)";
				TEST_HOST = "$(BUILT_PRODUCTS_DIR)/CoolWeatherApp.app/CoolWeatherApp";
			};
			name = Release;
		};
		CEFB04F71D6A653800CB3035 /* Debug */ = {
			isa = XCBuildConfiguration;
			baseConfigurationReference = 07746B6EAF6C6094737D5338 /* Pods-CoolWeatherAppUITests.debug.xcconfig */;
			buildSettings = {
				INFOPLIST_FILE = CoolWeatherAppUITests/Info.plist;
				LD_RUNPATH_SEARCH_PATHS = "$(inherited) @executable_path/Frameworks @loader_path/Frameworks";
				PRODUCT_BUNDLE_IDENTIFIER = com.vignesh.CoolWeatherAppUITests;
				PRODUCT_NAME = "$(TARGET_NAME)";
				TEST_TARGET_NAME = CoolWeatherApp;
			};
			name = Debug;
		};
		CEFB04F81D6A653800CB3035 /* Release */ = {
			isa = XCBuildConfiguration;
			baseConfigurationReference = 14C4EC0C3DC2D89076CE8243 /* Pods-CoolWeatherAppUITests.release.xcconfig */;
			buildSettings = {
				INFOPLIST_FILE = CoolWeatherAppUITests/Info.plist;
				LD_RUNPATH_SEARCH_PATHS = "$(inherited) @executable_path/Frameworks @loader_path/Frameworks";
				PRODUCT_BUNDLE_IDENTIFIER = com.vignesh.CoolWeatherAppUITests;
				PRODUCT_NAME = "$(TARGET_NAME)";
				TEST_TARGET_NAME = CoolWeatherApp;
			};
			name = Release;
		};
/* End XCBuildConfiguration section */

/* Begin XCConfigurationList section */
		CEFB04C31D6A653800CB3035 /* Build configuration list for PBXProject "CoolWeatherApp" */ = {
			isa = XCConfigurationList;
			buildConfigurations = (
				CEFB04EE1D6A653800CB3035 /* Debug */,
				CEFB04EF1D6A653800CB3035 /* Release */,
			);
			defaultConfigurationIsVisible = 0;
			defaultConfigurationName = Release;
		};
		CEFB04F01D6A653800CB3035 /* Build configuration list for PBXNativeTarget "CoolWeatherApp" */ = {
			isa = XCConfigurationList;
			buildConfigurations = (
				CEFB04F11D6A653800CB3035 /* Debug */,
				CEFB04F21D6A653800CB3035 /* Release */,
			);
			defaultConfigurationIsVisible = 0;
			defaultConfigurationName = Release;
		};
		CEFB04F31D6A653800CB3035 /* Build configuration list for PBXNativeTarget "CoolWeatherAppTests" */ = {
			isa = XCConfigurationList;
			buildConfigurations = (
				CEFB04F41D6A653800CB3035 /* Debug */,
				CEFB04F51D6A653800CB3035 /* Release */,
			);
			defaultConfigurationIsVisible = 0;
			defaultConfigurationName = Release;
		};
		CEFB04F61D6A653800CB3035 /* Build configuration list for PBXNativeTarget "CoolWeatherAppUITests" */ = {
			isa = XCConfigurationList;
			buildConfigurations = (
				CEFB04F71D6A653800CB3035 /* Debug */,
				CEFB04F81D6A653800CB3035 /* Release */,
			);
			defaultConfigurationIsVisible = 0;
			defaultConfigurationName = Release;
		};
/* End XCConfigurationList section */
	};
	rootObject = CEFB04C01D6A653800CB3035 /* Project object */;
}
